
Microsoft Visual Studio Solution File, Format Version 12.00
Project("{FAE04EC0-301F-11D3-BF4B-00C04F79EFBC}") = "Factory06", "Factory06\Factory06.csproj", "{593A2C93-1EC3-4940-B146-700E6E5E99EB}"
EndProject
Global
	GlobalSection(SolutionConfigurationPlatforms) = preSolution
		Debug|Any CPU = Debug|Any CPU
		Release|Any CPU = Release|Any CPU
	EndGlobalSection
	GlobalSection(ProjectConfigurationPlatforms) = postSolution
		{593A2C93-1EC3-4940-B146-700E6E5E99EB}.Debug|Any CPU.ActiveCfg = Debug|Any CPU
		{593A2C93-1EC3-4940-B146-700E6E5E99EB}.Debug|Any CPU.Build.0 = Debug|Any CPU
		{593A2C93-1EC3-4940-B146-700E6E5E99EB}.Release|Any CPU.ActiveCfg = Release|Any CPU
		{593A2C93-1EC3-4940-B146-700E6E5E99EB}.Release|Any CPU.Build.0 = Release|Any CPU
	EndGlobalSection
EndGlobal
