
Microsoft Visual Studio Solution File, Format Version 12.00
Project("{FAE04EC0-301F-11D3-BF4B-00C04F79EFBC}") = "Abacus", "Abacus\Abacus.csproj", "{0F969F8B-F38F-4A4F-8649-D90375913949}"
EndProject
Global
	GlobalSection(SolutionConfigurationPlatforms) = preSolution
		Debug|Any CPU = Debug|Any CPU
		Release|Any CPU = Release|Any CPU
	EndGlobalSection
	GlobalSection(ProjectConfigurationPlatforms) = postSolution
		{0F969F8B-F38F-4A4F-8649-D90375913949}.Debug|Any CPU.ActiveCfg = Debug|Any CPU
		{0F969F8B-F38F-4A4F-8649-D90375913949}.Debug|Any CPU.Build.0 = Debug|Any CPU
		{0F969F8B-F38F-4A4F-8649-D90375913949}.Release|Any CPU.ActiveCfg = Release|Any CPU
		{0F969F8B-F38F-4A4F-8649-D90375913949}.Release|Any CPU.Build.0 = Release|Any CPU
	EndGlobalSection
EndGlobal
