
Microsoft Visual Studio Solution File, Format Version 12.00
Project("{FAE04EC0-301F-11D3-BF4B-00C04F79EFBC}") = "Monopoly", "Monopoly\Monopoly.csproj", "{9AB728BE-2BE3-472D-8A81-C74F0314BD51}"
EndProject
Global
	GlobalSection(SolutionConfigurationPlatforms) = preSolution
		Debug|Any CPU = Debug|Any CPU
		Release|Any CPU = Release|Any CPU
	EndGlobalSection
	GlobalSection(ProjectConfigurationPlatforms) = postSolution
		{9AB728BE-2BE3-472D-8A81-C74F0314BD51}.Debug|Any CPU.ActiveCfg = Debug|Any CPU
		{9AB728BE-2BE3-472D-8A81-C74F0314BD51}.Debug|Any CPU.Build.0 = Debug|Any CPU
		{9AB728BE-2BE3-472D-8A81-C74F0314BD51}.Release|Any CPU.ActiveCfg = Release|Any CPU
		{9AB728BE-2BE3-472D-8A81-C74F0314BD51}.Release|Any CPU.Build.0 = Release|Any CPU
		{8D0C6CE6-87BB-4E67-8BA8-ECC5ACF9F4FB}.Debug|Any CPU.ActiveCfg = Debug|Any CPU
		{8D0C6CE6-87BB-4E67-8BA8-ECC5ACF9F4FB}.Debug|Any CPU.Build.0 = Debug|Any CPU
		{8D0C6CE6-87BB-4E67-8BA8-ECC5ACF9F4FB}.Release|Any CPU.ActiveCfg = Release|Any CPU
		{8D0C6CE6-87BB-4E67-8BA8-ECC5ACF9F4FB}.Release|Any CPU.Build.0 = Release|Any CPU
	EndGlobalSection
EndGlobal
