
Microsoft Visual Studio Solution File, Format Version 12.00
Project("{FAE04EC0-301F-11D3-BF4B-00C04F79EFBC}") = "SudokuSolver", "SudokuSolver\SudokuSolver.csproj", "{90C50D9D-D110-43E4-9A78-DEA51368835E}"
EndProject
Project("{FAE04EC0-301F-11D3-BF4B-00C04F79EFBC}") = "MiniTests", "MiniTests\MiniTests.csproj", "{C23FC5D0-C63D-43F7-918C-E214F6C8716E}"
EndProject
Project("{FAE04EC0-301F-11D3-BF4B-00C04F79EFBC}") = "SudokuSolverTests", "SudokuSolverTests\SudokuSolverTests.csproj", "{B7734B6E-4C3E-4753-AA83-FA310A120D12}"
EndProject
Global
	GlobalSection(SolutionConfigurationPlatforms) = preSolution
		Debug|Any CPU = Debug|Any CPU
		Release|Any CPU = Release|Any CPU
	EndGlobalSection
	GlobalSection(ProjectConfigurationPlatforms) = postSolution
		{90C50D9D-D110-43E4-9A78-DEA51368835E}.Debug|Any CPU.ActiveCfg = Debug|Any CPU
		{90C50D9D-D110-43E4-9A78-DEA51368835E}.Debug|Any CPU.Build.0 = Debug|Any CPU
		{90C50D9D-D110-43E4-9A78-DEA51368835E}.Release|Any CPU.ActiveCfg = Release|Any CPU
		{90C50D9D-D110-43E4-9A78-DEA51368835E}.Release|Any CPU.Build.0 = Release|Any CPU
		{C23FC5D0-C63D-43F7-918C-E214F6C8716E}.Debug|Any CPU.ActiveCfg = Debug|Any CPU
		{C23FC5D0-C63D-43F7-918C-E214F6C8716E}.Debug|Any CPU.Build.0 = Debug|Any CPU
		{C23FC5D0-C63D-43F7-918C-E214F6C8716E}.Release|Any CPU.ActiveCfg = Release|Any CPU
		{C23FC5D0-C63D-43F7-918C-E214F6C8716E}.Release|Any CPU.Build.0 = Release|Any CPU
		{B7734B6E-4C3E-4753-AA83-FA310A120D12}.Debug|Any CPU.ActiveCfg = Debug|Any CPU
		{B7734B6E-4C3E-4753-AA83-FA310A120D12}.Debug|Any CPU.Build.0 = Debug|Any CPU
		{B7734B6E-4C3E-4753-AA83-FA310A120D12}.Release|Any CPU.ActiveCfg = Release|Any CPU
		{B7734B6E-4C3E-4753-AA83-FA310A120D12}.Release|Any CPU.Build.0 = Release|Any CPU
	EndGlobalSection
EndGlobal
